
Microsoft Visual Studio Solution File, Format Version 12.00
# Visual Studio Version 16
VisualStudioVersion = 16.0.29613.14
MinimumVisualStudioVersion = 10.0.40219.1
Project("{9A19103F-16F7-4668-BE54-9A1E7A4F7556}") = "APIdaze.SDK", "Apidaze.SDK\APIdaze.SDK.csproj", "{6DED594D-D408-447E-A0DA-69B7F98634A1}"
EndProject
Project("{9A19103F-16F7-4668-BE54-9A1E7A4F7556}") = "APIdaze.SDK.Tests.Unit", "Apidaze.SDK.Tests.Unit\APIdaze.SDK.Tests.Unit.csproj", "{29205EBA-D45F-4D8B-89E9-1FF75C891DD2}"
EndProject
Project("{2150E333-8FDC-42A3-9474-1A3956D46DE8}") = "APIdaze.SDK.Tests.Integration", "APIdaze.SDK.Tests.Integration", "{1ABFD7DB-10C6-497A-A5F4-AC32E0BAA4B2}"
EndProject
Project("{9A19103F-16F7-4668-BE54-9A1E7A4F7556}") = "CredentialsValidationExample", "APIdaze.SDK.Tests.Integration\CredentialsValidationExample\CredentialsValidationExample.csproj", "{CB1C00BE-6CA2-4191-8865-236932DD25C5}"
EndProject
Project("{9A19103F-16F7-4668-BE54-9A1E7A4F7556}") = "MessageExample", "APIdaze.SDK.Tests.Integration\MessageExample\MessageExample.csproj", "{ED9129C4-9758-467D-A2CF-321C0737E983}"
EndProject
Project("{9A19103F-16F7-4668-BE54-9A1E7A4F7556}") = "PlaceCallExample", "APIdaze.SDK.Tests.Integration\PlaceCallExample\PlaceCallExample.csproj", "{B6CF4747-F308-4114-8BE1-15606F1DD09B}"
EndProject
Project("{9A19103F-16F7-4668-BE54-9A1E7A4F7556}") = "ListCallsExample", "APIdaze.SDK.Tests.Integration\ListCallsExample\ListCallsExample.csproj", "{62CD74AE-0543-4757-8776-39ABE9789FEC}"
EndProject
Project("{9A19103F-16F7-4668-BE54-9A1E7A4F7556}") = "CallsAllInOneExample", "APIdaze.SDK.Tests.Integration\CallsAllInOneExample\CallsAllInOneExample.csproj", "{4F642881-DBE1-40E7-844F-6FAA31DA7285}"
EndProject
Project("{9A19103F-16F7-4668-BE54-9A1E7A4F7556}") = "CreateCdrHttpHandlerExample", "APIdaze.SDK.Tests.Integration\CreateCdrHttpHandlerExample\CreateCdrHttpHandlerExample.csproj", "{BA3F5CAF-CAEB-49A9-97CE-F615CA3BA8E2}"
EndProject
Project("{9A19103F-16F7-4668-BE54-9A1E7A4F7556}") = "ListCdrHttpHandlersExample", "APIdaze.SDK.Tests.Integration\ListCdrHttpHandlersExample\ListCdrHttpHandlersExample.csproj", "{C487EEC2-82F2-442E-87B3-36D87CC90A77}"
EndProject
Project("{9A19103F-16F7-4668-BE54-9A1E7A4F7556}") = "UpdateCdrHttpHandlerExample", "Apidaze.SDK.Tests.Integration\UpdateCdrHttpHandlerExample\UpdateCdrHttpHandlerExample.csproj", "{6E63B458-D2F5-40A6-B9E0-32EE1E81F6A2}"
EndProject
Project("{9A19103F-16F7-4668-BE54-9A1E7A4F7556}") = "DownloadRecordingAsStreamExample", "Apidaze.SDK.Tests.Integration\DownloadRecordingAsStreamExample\DownloadRecordingAsStreamExample.csproj", "{EAD7CAA9-FFA7-40F1-912C-CE1922F61794}"
EndProject
Project("{9A19103F-16F7-4668-BE54-9A1E7A4F7556}") = "DownloadRecordingToFileAsyncExample", "Apidaze.SDK.Tests.Integration\DownloadRecordingToFileAsyncExample\DownloadRecordingToFileAsyncExample.csproj", "{3027CF84-5230-499E-81DA-A2F24783C9E5}"
EndProject
Project("{9A19103F-16F7-4668-BE54-9A1E7A4F7556}") = "RecordingsExample", "Apidaze.SDK.Tests.Integration\RecordingsExample\RecordingsExample.csproj", "{13D91891-B19E-4318-8D9C-BB8648780263}"
EndProject
Project("{9A19103F-16F7-4668-BE54-9A1E7A4F7556}") = "DeleteRecordingExample", "Apidaze.SDK.Tests.Integration\DeleteRecordingExample\DeleteRecordingExample.csproj", "{D9307E4B-1BF3-4E84-9A1A-78AA8E5FFB1A}"
EndProject
Project("{9A19103F-16F7-4668-BE54-9A1E7A4F7556}") = "DownloadRecordingToFileExample", "Apidaze.SDK.Tests.Integration\DownloadRecordingToFileExample\DownloadRecordingToFileExample.csproj", "{C71C0057-4E36-45E5-A69B-ADA846B529D1}"
EndProject
Project("{2150E333-8FDC-42A3-9474-1A3956D46DE8}") = "Calls", "Calls", "{4754B8F2-9B53-4464-ABC9-131EEEE8DA9E}"
EndProject
Project("{2150E333-8FDC-42A3-9474-1A3956D46DE8}") = "Messages", "Messages", "{AC4FC029-6B11-47E3-8668-A66D96E04266}"
EndProject
Project("{2150E333-8FDC-42A3-9474-1A3956D46DE8}") = "CdrHttpHandlers", "CdrHttpHandlers", "{BE84E22D-75AD-4E07-A396-516F4D703E93}"
EndProject
Project("{2150E333-8FDC-42A3-9474-1A3956D46DE8}") = "Validates", "Validates", "{BC92DA17-2BC5-455C-BB44-6ADF9420188C}"
EndProject
Project("{2150E333-8FDC-42A3-9474-1A3956D46DE8}") = "Recordings", "Recordings", "{1E187871-0ADE-4ED2-8463-FC3643BD8F97}"
EndProject
Project("{2150E333-8FDC-42A3-9474-1A3956D46DE8}") = "ExternalScripts", "ExternalScripts", "{34F5E3D1-3815-4750-A59F-991376AE1387}"
EndProject
Project("{FAE04EC0-301F-11D3-BF4B-00C04F79EFBC}") = "GetExternalScript", "Apidaze.SDK.Tests.Integration\GetExternalScript\GetExternalScript.csproj", "{C8E35D43-5678-4B9E-9C9A-A60BDBAEA84A}"
EndProject
Project("{FAE04EC0-301F-11D3-BF4B-00C04F79EFBC}") = "ListExternalScripts", "Apidaze.SDK.Tests.Integration\ListExternalScripts\ListExternalScripts.csproj", "{A1B9E81F-E377-4184-BA5D-C7EE2939878D}"
EndProject
Project("{FAE04EC0-301F-11D3-BF4B-00C04F79EFBC}") = "UpdateExternalScriptUrl", "Apidaze.SDK.Tests.Integration\UpdateExternalScriptUrl\UpdateExternalScriptUrl.csproj", "{437E21DC-D5E6-4EBF-BA10-D935AF44A48D}"
EndProject
Global
	GlobalSection(SolutionConfigurationPlatforms) = preSolution
		Debug|Any CPU = Debug|Any CPU
		Release|Any CPU = Release|Any CPU
	EndGlobalSection
	GlobalSection(ProjectConfigurationPlatforms) = postSolution
		{6DED594D-D408-447E-A0DA-69B7F98634A1}.Debug|Any CPU.ActiveCfg = Debug|Any CPU
		{6DED594D-D408-447E-A0DA-69B7F98634A1}.Debug|Any CPU.Build.0 = Debug|Any CPU
		{6DED594D-D408-447E-A0DA-69B7F98634A1}.Release|Any CPU.ActiveCfg = Release|Any CPU
		{6DED594D-D408-447E-A0DA-69B7F98634A1}.Release|Any CPU.Build.0 = Release|Any CPU
		{29205EBA-D45F-4D8B-89E9-1FF75C891DD2}.Debug|Any CPU.ActiveCfg = Debug|Any CPU
		{29205EBA-D45F-4D8B-89E9-1FF75C891DD2}.Debug|Any CPU.Build.0 = Debug|Any CPU
		{29205EBA-D45F-4D8B-89E9-1FF75C891DD2}.Release|Any CPU.ActiveCfg = Release|Any CPU
		{29205EBA-D45F-4D8B-89E9-1FF75C891DD2}.Release|Any CPU.Build.0 = Release|Any CPU
		{CB1C00BE-6CA2-4191-8865-236932DD25C5}.Debug|Any CPU.ActiveCfg = Debug|Any CPU
		{CB1C00BE-6CA2-4191-8865-236932DD25C5}.Debug|Any CPU.Build.0 = Debug|Any CPU
		{CB1C00BE-6CA2-4191-8865-236932DD25C5}.Release|Any CPU.ActiveCfg = Release|Any CPU
		{CB1C00BE-6CA2-4191-8865-236932DD25C5}.Release|Any CPU.Build.0 = Release|Any CPU
		{ED9129C4-9758-467D-A2CF-321C0737E983}.Debug|Any CPU.ActiveCfg = Debug|Any CPU
		{ED9129C4-9758-467D-A2CF-321C0737E983}.Debug|Any CPU.Build.0 = Debug|Any CPU
		{ED9129C4-9758-467D-A2CF-321C0737E983}.Release|Any CPU.ActiveCfg = Release|Any CPU
		{ED9129C4-9758-467D-A2CF-321C0737E983}.Release|Any CPU.Build.0 = Release|Any CPU
		{B6CF4747-F308-4114-8BE1-15606F1DD09B}.Debug|Any CPU.ActiveCfg = Debug|Any CPU
		{B6CF4747-F308-4114-8BE1-15606F1DD09B}.Debug|Any CPU.Build.0 = Debug|Any CPU
		{B6CF4747-F308-4114-8BE1-15606F1DD09B}.Release|Any CPU.ActiveCfg = Release|Any CPU
		{B6CF4747-F308-4114-8BE1-15606F1DD09B}.Release|Any CPU.Build.0 = Release|Any CPU
		{62CD74AE-0543-4757-8776-39ABE9789FEC}.Debug|Any CPU.ActiveCfg = Debug|Any CPU
		{62CD74AE-0543-4757-8776-39ABE9789FEC}.Debug|Any CPU.Build.0 = Debug|Any CPU
		{62CD74AE-0543-4757-8776-39ABE9789FEC}.Release|Any CPU.ActiveCfg = Release|Any CPU
		{62CD74AE-0543-4757-8776-39ABE9789FEC}.Release|Any CPU.Build.0 = Release|Any CPU
		{4F642881-DBE1-40E7-844F-6FAA31DA7285}.Debug|Any CPU.ActiveCfg = Debug|Any CPU
		{4F642881-DBE1-40E7-844F-6FAA31DA7285}.Debug|Any CPU.Build.0 = Debug|Any CPU
		{4F642881-DBE1-40E7-844F-6FAA31DA7285}.Release|Any CPU.ActiveCfg = Release|Any CPU
		{4F642881-DBE1-40E7-844F-6FAA31DA7285}.Release|Any CPU.Build.0 = Release|Any CPU
		{BA3F5CAF-CAEB-49A9-97CE-F615CA3BA8E2}.Debug|Any CPU.ActiveCfg = Debug|Any CPU
		{BA3F5CAF-CAEB-49A9-97CE-F615CA3BA8E2}.Debug|Any CPU.Build.0 = Debug|Any CPU
		{BA3F5CAF-CAEB-49A9-97CE-F615CA3BA8E2}.Release|Any CPU.ActiveCfg = Release|Any CPU
		{BA3F5CAF-CAEB-49A9-97CE-F615CA3BA8E2}.Release|Any CPU.Build.0 = Release|Any CPU
		{C487EEC2-82F2-442E-87B3-36D87CC90A77}.Debug|Any CPU.ActiveCfg = Debug|Any CPU
		{C487EEC2-82F2-442E-87B3-36D87CC90A77}.Debug|Any CPU.Build.0 = Debug|Any CPU
		{C487EEC2-82F2-442E-87B3-36D87CC90A77}.Release|Any CPU.ActiveCfg = Release|Any CPU
		{C487EEC2-82F2-442E-87B3-36D87CC90A77}.Release|Any CPU.Build.0 = Release|Any CPU
		{6E63B458-D2F5-40A6-B9E0-32EE1E81F6A2}.Debug|Any CPU.ActiveCfg = Debug|Any CPU
		{6E63B458-D2F5-40A6-B9E0-32EE1E81F6A2}.Debug|Any CPU.Build.0 = Debug|Any CPU
		{6E63B458-D2F5-40A6-B9E0-32EE1E81F6A2}.Release|Any CPU.ActiveCfg = Release|Any CPU
		{6E63B458-D2F5-40A6-B9E0-32EE1E81F6A2}.Release|Any CPU.Build.0 = Release|Any CPU
		{EAD7CAA9-FFA7-40F1-912C-CE1922F61794}.Debug|Any CPU.ActiveCfg = Debug|Any CPU
		{EAD7CAA9-FFA7-40F1-912C-CE1922F61794}.Debug|Any CPU.Build.0 = Debug|Any CPU
		{EAD7CAA9-FFA7-40F1-912C-CE1922F61794}.Release|Any CPU.ActiveCfg = Release|Any CPU
		{EAD7CAA9-FFA7-40F1-912C-CE1922F61794}.Release|Any CPU.Build.0 = Release|Any CPU
		{3027CF84-5230-499E-81DA-A2F24783C9E5}.Debug|Any CPU.ActiveCfg = Debug|Any CPU
		{3027CF84-5230-499E-81DA-A2F24783C9E5}.Debug|Any CPU.Build.0 = Debug|Any CPU
		{3027CF84-5230-499E-81DA-A2F24783C9E5}.Release|Any CPU.ActiveCfg = Release|Any CPU
		{3027CF84-5230-499E-81DA-A2F24783C9E5}.Release|Any CPU.Build.0 = Release|Any CPU
		{13D91891-B19E-4318-8D9C-BB8648780263}.Debug|Any CPU.ActiveCfg = Debug|Any CPU
		{13D91891-B19E-4318-8D9C-BB8648780263}.Debug|Any CPU.Build.0 = Debug|Any CPU
		{13D91891-B19E-4318-8D9C-BB8648780263}.Release|Any CPU.ActiveCfg = Release|Any CPU
		{13D91891-B19E-4318-8D9C-BB8648780263}.Release|Any CPU.Build.0 = Release|Any CPU
		{D9307E4B-1BF3-4E84-9A1A-78AA8E5FFB1A}.Debug|Any CPU.ActiveCfg = Debug|Any CPU
		{D9307E4B-1BF3-4E84-9A1A-78AA8E5FFB1A}.Debug|Any CPU.Build.0 = Debug|Any CPU
		{D9307E4B-1BF3-4E84-9A1A-78AA8E5FFB1A}.Release|Any CPU.ActiveCfg = Release|Any CPU
		{D9307E4B-1BF3-4E84-9A1A-78AA8E5FFB1A}.Release|Any CPU.Build.0 = Release|Any CPU
		{C71C0057-4E36-45E5-A69B-ADA846B529D1}.Debug|Any CPU.ActiveCfg = Debug|Any CPU
		{C71C0057-4E36-45E5-A69B-ADA846B529D1}.Debug|Any CPU.Build.0 = Debug|Any CPU
		{C71C0057-4E36-45E5-A69B-ADA846B529D1}.Release|Any CPU.ActiveCfg = Release|Any CPU
		{C71C0057-4E36-45E5-A69B-ADA846B529D1}.Release|Any CPU.Build.0 = Release|Any CPU
		{C8E35D43-5678-4B9E-9C9A-A60BDBAEA84A}.Debug|Any CPU.ActiveCfg = Debug|Any CPU
		{C8E35D43-5678-4B9E-9C9A-A60BDBAEA84A}.Debug|Any CPU.Build.0 = Debug|Any CPU
		{C8E35D43-5678-4B9E-9C9A-A60BDBAEA84A}.Release|Any CPU.ActiveCfg = Release|Any CPU
		{C8E35D43-5678-4B9E-9C9A-A60BDBAEA84A}.Release|Any CPU.Build.0 = Release|Any CPU
		{A1B9E81F-E377-4184-BA5D-C7EE2939878D}.Debug|Any CPU.ActiveCfg = Debug|Any CPU
		{A1B9E81F-E377-4184-BA5D-C7EE2939878D}.Debug|Any CPU.Build.0 = Debug|Any CPU
		{A1B9E81F-E377-4184-BA5D-C7EE2939878D}.Release|Any CPU.ActiveCfg = Release|Any CPU
		{A1B9E81F-E377-4184-BA5D-C7EE2939878D}.Release|Any CPU.Build.0 = Release|Any CPU
		{437E21DC-D5E6-4EBF-BA10-D935AF44A48D}.Debug|Any CPU.ActiveCfg = Debug|Any CPU
		{437E21DC-D5E6-4EBF-BA10-D935AF44A48D}.Debug|Any CPU.Build.0 = Debug|Any CPU
		{437E21DC-D5E6-4EBF-BA10-D935AF44A48D}.Release|Any CPU.ActiveCfg = Release|Any CPU
		{437E21DC-D5E6-4EBF-BA10-D935AF44A48D}.Release|Any CPU.Build.0 = Release|Any CPU
	EndGlobalSection
	GlobalSection(SolutionProperties) = preSolution
		HideSolutionNode = FALSE
	EndGlobalSection
	GlobalSection(NestedProjects) = preSolution
		{CB1C00BE-6CA2-4191-8865-236932DD25C5} = {BC92DA17-2BC5-455C-BB44-6ADF9420188C}
		{ED9129C4-9758-467D-A2CF-321C0737E983} = {AC4FC029-6B11-47E3-8668-A66D96E04266}
		{B6CF4747-F308-4114-8BE1-15606F1DD09B} = {4754B8F2-9B53-4464-ABC9-131EEEE8DA9E}
		{62CD74AE-0543-4757-8776-39ABE9789FEC} = {4754B8F2-9B53-4464-ABC9-131EEEE8DA9E}
		{4F642881-DBE1-40E7-844F-6FAA31DA7285} = {4754B8F2-9B53-4464-ABC9-131EEEE8DA9E}
		{BA3F5CAF-CAEB-49A9-97CE-F615CA3BA8E2} = {BE84E22D-75AD-4E07-A396-516F4D703E93}
		{C487EEC2-82F2-442E-87B3-36D87CC90A77} = {BE84E22D-75AD-4E07-A396-516F4D703E93}
		{6E63B458-D2F5-40A6-B9E0-32EE1E81F6A2} = {BE84E22D-75AD-4E07-A396-516F4D703E93}
		{EAD7CAA9-FFA7-40F1-912C-CE1922F61794} = {1E187871-0ADE-4ED2-8463-FC3643BD8F97}
		{3027CF84-5230-499E-81DA-A2F24783C9E5} = {1E187871-0ADE-4ED2-8463-FC3643BD8F97}
		{13D91891-B19E-4318-8D9C-BB8648780263} = {1E187871-0ADE-4ED2-8463-FC3643BD8F97}
		{D9307E4B-1BF3-4E84-9A1A-78AA8E5FFB1A} = {1E187871-0ADE-4ED2-8463-FC3643BD8F97}
		{C71C0057-4E36-45E5-A69B-ADA846B529D1} = {1E187871-0ADE-4ED2-8463-FC3643BD8F97}
		{4754B8F2-9B53-4464-ABC9-131EEEE8DA9E} = {1ABFD7DB-10C6-497A-A5F4-AC32E0BAA4B2}
		{AC4FC029-6B11-47E3-8668-A66D96E04266} = {1ABFD7DB-10C6-497A-A5F4-AC32E0BAA4B2}
		{BE84E22D-75AD-4E07-A396-516F4D703E93} = {1ABFD7DB-10C6-497A-A5F4-AC32E0BAA4B2}
		{BC92DA17-2BC5-455C-BB44-6ADF9420188C} = {1ABFD7DB-10C6-497A-A5F4-AC32E0BAA4B2}
		{1E187871-0ADE-4ED2-8463-FC3643BD8F97} = {1ABFD7DB-10C6-497A-A5F4-AC32E0BAA4B2}
		{34F5E3D1-3815-4750-A59F-991376AE1387} = {1ABFD7DB-10C6-497A-A5F4-AC32E0BAA4B2}
		{C8E35D43-5678-4B9E-9C9A-A60BDBAEA84A} = {34F5E3D1-3815-4750-A59F-991376AE1387}
		{A1B9E81F-E377-4184-BA5D-C7EE2939878D} = {34F5E3D1-3815-4750-A59F-991376AE1387}
		{437E21DC-D5E6-4EBF-BA10-D935AF44A48D} = {34F5E3D1-3815-4750-A59F-991376AE1387}
	EndGlobalSection
	GlobalSection(ExtensibilityGlobals) = postSolution
		SolutionGuid = {2F57FD98-5A15-49F3-923C-967E49E1A665}
	EndGlobalSection
EndGlobal
